{
    "_meta": {
        "hash": {
            "sha256": "f5e18544997755672b5d02d1105b2cac65560933cdf46001f8e3f3dd7773465b"
        },
        "pipfile-spec": 6,
        "requires": {
            "python_version": "3.6"
        },
        "sources": [
            {
                "name": "pypi",
                "url": "https://pypi.org/simple",
                "verify_ssl": true
            }
        ]
    },
    "default": {
        "pynput": {
            "hashes": [
                "sha256:93927f49ce8e6cc3204852bfb3d42d7c510e9ae2e14fe9d683b099416013f520"
            ],
            "index": "pypi",
            "version": "==1.4"
        },
        "python-xlib": {
            "hashes": [
                "sha256:204f280b549352af6cbdaff43405186822ae05749518dd9be209bd88a0088f99",
                "sha256:cdc806892f28fcd2c52e22a646c2ae3af3f0539cbbacfe7b344231d75eb96095"
            ],
            "markers": "'linux' in sys_platform",
            "version": "==0.25"
        },
        "six": {
            "hashes": [
                "sha256:3350809f0555b11f552448330d0b52d5f24c91a322ea4a15ef22629740f3761c",
                "sha256:d16a0141ec1a18405cd4ce8b4613101da75da0e9a7aec5bdd4fa804d0e0eba73"
            ],
            "version": "==1.12.0"
        }
    },
    "develop": {}
}
